
Microsoft Visual Studio Solution File, Format Version 12.00
Project("{FAE04EC0-301F-11D3-BF4B-00C04F79EFBC}") = "LibraryApp", "LibraryApp\LibraryApp.csproj", "{3D1DF8D7-29F0-4295-AB80-799089017FBF}"
EndProject
Project("{FAE04EC0-301F-11D3-BF4B-00C04F79EFBC}") = "Infrastructure", "Infrastructure\Infrastructure.csproj", "{56436E55-99F0-4618-9F77-229EFE4A3272}"
EndProject
Project("{FAE04EC0-301F-11D3-BF4B-00C04F79EFBC}") = "Domain", "Domain\Domain.csproj", "{A9D9866B-8519-44AC-90E4-5258942E2CF3}"
EndProject
Project("{FAE04EC0-301F-11D3-BF4B-00C04F79EFBC}") = "Application", "Application\Application.csproj", "{10F9E07A-5BAE-4CE6-B49B-DD3191A76CAE}"
	ProjectSection(ProjectDependencies) = postProject
		{A9D9866B-8519-44AC-90E4-5258942E2CF3} = {A9D9866B-8519-44AC-90E4-5258942E2CF3}
	EndProjectSection
EndProject
Global
	GlobalSection(SolutionConfigurationPlatforms) = preSolution
		Debug|Any CPU = Debug|Any CPU
		Release|Any CPU = Release|Any CPU
	EndGlobalSection
	GlobalSection(ProjectConfigurationPlatforms) = postSolution
		{3D1DF8D7-29F0-4295-AB80-799089017FBF}.Debug|Any CPU.ActiveCfg = Debug|Any CPU
		{3D1DF8D7-29F0-4295-AB80-799089017FBF}.Debug|Any CPU.Build.0 = Debug|Any CPU
		{3D1DF8D7-29F0-4295-AB80-799089017FBF}.Release|Any CPU.ActiveCfg = Release|Any CPU
		{3D1DF8D7-29F0-4295-AB80-799089017FBF}.Release|Any CPU.Build.0 = Release|Any CPU
		{56436E55-99F0-4618-9F77-229EFE4A3272}.Debug|Any CPU.ActiveCfg = Debug|Any CPU
		{56436E55-99F0-4618-9F77-229EFE4A3272}.Debug|Any CPU.Build.0 = Debug|Any CPU
		{56436E55-99F0-4618-9F77-229EFE4A3272}.Release|Any CPU.ActiveCfg = Release|Any CPU
		{56436E55-99F0-4618-9F77-229EFE4A3272}.Release|Any CPU.Build.0 = Release|Any CPU
		{A9D9866B-8519-44AC-90E4-5258942E2CF3}.Debug|Any CPU.ActiveCfg = Debug|Any CPU
		{A9D9866B-8519-44AC-90E4-5258942E2CF3}.Debug|Any CPU.Build.0 = Debug|Any CPU
		{A9D9866B-8519-44AC-90E4-5258942E2CF3}.Release|Any CPU.ActiveCfg = Release|Any CPU
		{A9D9866B-8519-44AC-90E4-5258942E2CF3}.Release|Any CPU.Build.0 = Release|Any CPU
		{10F9E07A-5BAE-4CE6-B49B-DD3191A76CAE}.Debug|Any CPU.ActiveCfg = Debug|Any CPU
		{10F9E07A-5BAE-4CE6-B49B-DD3191A76CAE}.Debug|Any CPU.Build.0 = Debug|Any CPU
		{10F9E07A-5BAE-4CE6-B49B-DD3191A76CAE}.Release|Any CPU.ActiveCfg = Release|Any CPU
		{10F9E07A-5BAE-4CE6-B49B-DD3191A76CAE}.Release|Any CPU.Build.0 = Release|Any CPU
	EndGlobalSection
EndGlobal
